
Microsoft Visual Studio Solution File, Format Version 12.00
# Visual Studio Version 17
VisualStudioVersion = 17.5.33424.131
MinimumVisualStudioVersion = 10.0.40219.1
Project("{FAE04EC0-301F-11D3-BF4B-00C04F79EFBC}") = "WcfClient", "WcfClient.csproj", "{955E351A-AAB0-413C-B0FB-2994286E66BA}"
EndProject
Global
	GlobalSection(SolutionConfigurationPlatforms) = preSolution
		Debug|Any CPU = Debug|Any CPU
		Release|Any CPU = Release|Any CPU
	EndGlobalSection
	GlobalSection(ProjectConfigurationPlatforms) = postSolution
		{955E351A-AAB0-413C-B0FB-2994286E66BA}.Debug|Any CPU.ActiveCfg = Debug|Any CPU
		{955E351A-AAB0-413C-B0FB-2994286E66BA}.Debug|Any CPU.Build.0 = Debug|Any CPU
		{955E351A-AAB0-413C-B0FB-2994286E66BA}.Release|Any CPU.ActiveCfg = Release|Any CPU
		{955E351A-AAB0-413C-B0FB-2994286E66BA}.Release|Any CPU.Build.0 = Release|Any CPU
	EndGlobalSection
	GlobalSection(SolutionProperties) = preSolution
		HideSolutionNode = FALSE
	EndGlobalSection
	GlobalSection(ExtensibilityGlobals) = postSolution
		SolutionGuid = {854C3510-239E-47BC-A751-8817986B29A6}
	EndGlobalSection
EndGlobal
